// !$*UTF8*$!
{
	archiveVersion = 1;
	classes = {
	};
	objectVersion = 50;
	objects = {

/* Begin PBXBuildFile section */
		AF035573218444CC0084E211 /* AppDelegate.swift in Sources */ = {isa = PBXBuildFile; fileRef = AF035572218444CC0084E211 /* AppDelegate.swift */; };
		AF035575218444CC0084E211 /* ViewController.swift in Sources */ = {isa = PBXBuildFile; fileRef = AF035574218444CC0084E211 /* ViewController.swift */; };
		AF035578218444CC0084E211 /* Main.storyboard in Resources */ = {isa = PBXBuildFile; fileRef = AF035576218444CC0084E211 /* Main.storyboard */; };
		AF03557A218444CD0084E211 /* Assets.xcassets in Resources */ = {isa = PBXBuildFile; fileRef = AF035579218444CD0084E211 /* Assets.xcassets */; };
		AF03557D218444CD0084E211 /* LaunchScreen.storyboard in Resources */ = {isa = PBXBuildFile; fileRef = AF03557B218444CD0084E211 /* LaunchScreen.storyboard */; };
		AF035587218448010084E211 /* light_saber3.mp3 in Resources */ = {isa = PBXBuildFile; fileRef = AF035585218448010084E211 /* light_saber3.mp3 */; };
		AF035588218448010084E211 /* light_saber1.mp3 in Resources */ = {isa = PBXBuildFile; fileRef = AF035586218448010084E211 /* light_saber1.mp3 */; };
/* End PBXBuildFile section */

/* Begin PBXFileReference section */
		AF03556F218444CC0084E211 /* LightSaberApp.app */ = {isa = PBXFileReference; explicitFileType = wrapper.application; includeInIndex = 0; path = LightSaberApp.app; sourceTree = BUILT_PRODUCTS_DIR; };
		AF035572218444CC0084E211 /* AppDelegate.swift */ = {isa = PBXFileReference; lastKnownFileType = sourcecode.swift; path = AppDelegate.swift; sourceTree = "<group>"; };
		AF035574218444CC0084E211 /* ViewController.swift */ = {isa = PBXFileReference; lastKnownFileType = sourcecode.swift; path = ViewController.swift; sourceTree = "<group>"; };
		AF035577218444CC0084E211 /* Base */ = {isa = PBXFileReference; lastKnownFileType = file.storyboard; name = Base; path = Base.lproj/Main.storyboard; sourceTree = "<group>"; };
		AF035579218444CD0084E211 /* Assets.xcassets */ = {isa = PBXFileReference; lastKnownFileType = folder.assetcatalog; path = Assets.xcassets; sourceTree = "<group>"; };
		AF03557C218444CD0084E211 /* Base */ = {isa = PBXFileReference; lastKnownFileType = file.storyboard; name = Base; path = Base.lproj/LaunchScreen.storyboard; sourceTree = "<group>"; };
		AF03557E218444CD0084E211 /* Info.plist */ = {isa = PBXFileReference; lastKnownFileType = text.plist.xml; path = Info.plist; sourceTree = "<group>"; };
		AF035585218448010084E211 /* light_saber3.mp3 */ = {isa = PBXFileReference; lastKnownFileType = audio.mp3; path = light_saber3.mp3; sourceTree = "<group>"; };
		AF035586218448010084E211 /* light_saber1.mp3 */ = {isa = PBXFileReference; lastKnownFileType = audio.mp3; path = light_saber1.mp3; sourceTree = "<group>"; };
/* End PBXFileReference section */

/* Begin PBXFrameworksBuildPhase section */
		AF03556C218444CC0084E211 /* Frameworks */ = {
			isa = PBXFrameworksBuildPhase;
			buildActionMask = 2147483647;
			files = (
			);
			runOnlyForDeploymentPostprocessing = 0;
		};
/* End PBXFrameworksBuildPhase section */

/* Begin PBXGroup section */
		AF035566218444CC0084E211 = {
			isa = PBXGroup;
			children = (
				AF035584218448010084E211 /* sound */,
				AF035571218444CC0084E211 /* LightSaberApp */,
				AF035570218444CC0084E211 /* Products */,
			);
			sourceTree = "<group>";
		};
		AF035570218444CC0084E211 /* Products */ = {
			isa = PBXGroup;
			children = (
				AF03556F218444CC0084E211 /* LightSaberApp.app */,
			);
			name = Products;
			sourceTree = "<group>";
		};
		AF035571218444CC0084E211 /* LightSaberApp */ = {
			isa = PBXGroup;
			children = (
				AF035572218444CC0084E211 /* AppDelegate.swift */,
				AF035574218444CC0084E211 /* ViewController.swift */,
				AF035576218444CC0084E211 /* Main.storyboard */,
				AF035579218444CD0084E211 /* Assets.xcassets */,
				AF03557B218444CD0084E211 /* LaunchScreen.storyboard */,
				AF03557E218444CD0084E211 /* Info.plist */,
			);
			path = LightSaberApp;
			sourceTree = "<group>";
		};
		AF035584218448010084E211 /* sound */ = {
			isa = PBXGroup;
			children = (
				AF035585218448010084E211 /* light_saber3.mp3 */,
				AF035586218448010084E211 /* light_saber1.mp3 */,
			);
			path = sound;
			sourceTree = "<group>";
		};
/* End PBXGroup section */

/* Begin PBXNativeTarget section */
		AF03556E218444CC0084E211 /* LightSaberApp */ = {
			isa = PBXNativeTarget;
			buildConfigurationList = AF035581218444CD0084E211 /* Build configuration list for PBXNativeTarget "LightSaberApp" */;
			buildPhases = (
				AF03556B218444CC0084E211 /* Sources */,
				AF03556C218444CC0084E211 /* Frameworks */,
				AF03556D218444CC0084E211 /* Resources */,
			);
			buildRules = (
			);
			dependencies = (
			);
			name = LightSaberApp;
			productName = LightSaberApp;
			productReference = AF03556F218444CC0084E211 /* LightSaberApp.app */;
			productType = "com.apple.product-type.application";
		};
/* End PBXNativeTarget section */

/* Begin PBXProject section */
		AF035567218444CC0084E211 /* Project object */ = {
			isa = PBXProject;
			attributes = {
				LastSwiftUpdateCheck = 1000;
				LastUpgradeCheck = 1000;
				ORGANIZATIONNAME = "工藤 響";
				TargetAttributes = {
					AF03556E218444CC0084E211 = {
						CreatedOnToolsVersion = 10.0;
					};
				};
			};
			buildConfigurationList = AF03556A218444CC0084E211 /* Build configuration list for PBXProject "LightSaberApp" */;
			compatibilityVersion = "Xcode 9.3";
			developmentRegion = en;
			hasScannedForEncodings = 0;
			knownRegions = (
				en,
				Base,
			);
			mainGroup = AF035566218444CC0084E211;
			productRefGroup = AF035570218444CC0084E211 /* Products */;
			projectDirPath = "";
			projectRoot = "";
			targets = (
				AF03556E218444CC0084E211 /* LightSaberApp */,
			);
		};
/* End PBXProject section */

/* Begin PBXResourcesBuildPhase section */
		AF03556D218444CC0084E211 /* Resources */ = {
			isa = PBXResourcesBuildPhase;
			buildActionMask = 2147483647;
			files = (
				AF03557D218444CD0084E211 /* LaunchScreen.storyboard in Resources */,
				AF035588218448010084E211 /* light_saber1.mp3 in Resources */,
				AF035587218448010084E211 /* light_saber3.mp3 in Resources */,
				AF03557A218444CD0084E211 /* Assets.xcassets in Resources */,
				AF035578218444CC0084E211 /* Main.storyboard in Resources */,
			);
			runOnlyForDeploymentPostprocessing = 0;
		};
/* End PBXResourcesBuildPhase section */

/* Begin PBXSourcesBuildPhase section */
		AF03556B218444CC0084E211 /* Sources */ = {
			isa = PBXSourcesBuildPhase;
			buildActionMask = 2147483647;
			files = (
				AF035575218444CC0084E211 /* ViewController.swift in Sources */,
				AF035573218444CC0084E211 /* AppDelegate.swift in Sources */,
			);
			runOnlyForDeploymentPostprocessing = 0;
		};
/* End PBXSourcesBuildPhase section */

/* Begin PBXVariantGroup section */
		AF035576218444CC0084E211 /* Main.storyboard */ = {
			isa = PBXVariantGroup;
			children = (
				AF035577218444CC0084E211 /* Base */,
			);
			name = Main.storyboard;
			sourceTree = "<group>";
		};
		AF03557B218444CD0084E211 /* LaunchScreen.storyboard */ = {
			isa = PBXVariantGroup;
			children = (
				AF03557C218444CD0084E211 /* Base */,
			);
			name = LaunchScreen.storyboard;
			sourceTree = "<group>";
		};
/* End PBXVariantGroup section */

/* Begin XCBuildConfiguration section */
		AF03557F218444CD0084E211 /* Debug */ = {
			isa = XCBuildConfiguration;
			buildSettings = {
				ALWAYS_SEARCH_USER_PATHS = NO;
				CLANG_ANALYZER_NONNULL = YES;
				CLANG_ANALYZER_NUMBER_OBJECT_CONVERSION = YES_AGGRESSIVE;
				CLANG_CXX_LANGUAGE_STANDARD = "gnu++14";
				CLANG_CXX_LIBRARY = "libc++";
				CLANG_ENABLE_MODULES = YES;
				CLANG_ENABLE_OBJC_ARC = YES;
				CLANG_ENABLE_OBJC_WEAK = YES;
				CLANG_WARN_BLOCK_CAPTURE_AUTORELEASING = YES;
				CLANG_WARN_BOOL_CONVERSION = YES;
				CLANG_WARN_COMMA = YES;
				CLANG_WARN_CONSTANT_CONVERSION = YES;
				CLANG_WARN_DEPRECATED_OBJC_IMPLEMENTATIONS = YES;
				CLANG_WARN_DIRECT_OBJC_ISA_USAGE = YES_ERROR;
				CLANG_WARN_DOCUMENTATION_COMMENTS = YES;
				CLANG_WARN_EMPTY_BODY = YES;
				CLANG_WARN_ENUM_CONVERSION = YES;
				CLANG_WARN_INFINITE_RECURSION = YES;
				CLANG_WARN_INT_CONVERSION = YES;
				CLANG_WARN_NON_LITERAL_NULL_CONVERSION = YES;
				CLANG_WARN_OBJC_IMPLICIT_RETAIN_SELF = YES;
				CLANG_WARN_OBJC_LITERAL_CONVERSION = YES;
				CLANG_WARN_OBJC_ROOT_CLASS = YES_ERROR;
				CLANG_WARN_RANGE_LOOP_ANALYSIS = YES;
				CLANG_WARN_STRICT_PROTOTYPES = YES;
				CLANG_WARN_SUSPICIOUS_MOVE = YES;
				CLANG_WARN_UNGUARDED_AVAILABILITY = YES_AGGRESSIVE;
				CLANG_WARN_UNREACHABLE_CODE = YES;
				CLANG_WARN__DUPLICATE_METHOD_MATCH = YES;
				CODE_SIGN_IDENTITY = "iPhone Developer";
				COPY_PHASE_STRIP = NO;
				DEBUG_INFORMATION_FORMAT = dwarf;
				ENABLE_STRICT_OBJC_MSGSEND = YES;
				ENABLE_TESTABILITY = YES;
				GCC_C_LANGUAGE_STANDARD = gnu11;
				GCC_DYNAMIC_NO_PIC = NO;
				GCC_NO_COMMON_BLOCKS = YES;
				GCC_OPTIMIZATION_LEVEL = 0;
				GCC_PREPROCESSOR_DEFINITIONS = (
					"DEBUG=1",
					"$(inherited)",
				);
				GCC_WARN_64_TO_32_BIT_CONVERSION = YES;
				GCC_WARN_ABOUT_RETURN_TYPE = YES_ERROR;
				GCC_WARN_UNDECLARED_SELECTOR = YES;
				GCC_WARN_UNINITIALIZED_AUTOS = YES_AGGRESSIVE;
				GCC_WARN_UNUSED_FUNCTION = YES;
				GCC_WARN_UNUSED_VARIABLE = YES;
				IPHONEOS_DEPLOYMENT_TARGET = 12.0;
				MTL_ENABLE_DEBUG_INFO = INCLUDE_SOURCE;
				MTL_FAST_MATH = YES;
				ONLY_ACTIVE_ARCH = YES;
				SDKROOT = iphoneos;
				SWIFT_ACTIVE_COMPILATION_CONDITIONS = DEBUG;
				SWIFT_OPTIMIZATION_LEVEL = "-Onone";
			};
			name = Debug;
		};
		AF035580218444CD0084E211 /* Release */ = {
			isa = XCBuildConfiguration;
			buildSettings = {
				ALWAYS_SEARCH_USER_PATHS = NO;
				CLANG_ANALYZER_NONNULL = YES;
				CLANG_ANALYZER_NUMBER_OBJECT_CONVERSION = YES_AGGRESSIVE;
				CLANG_CXX_LANGUAGE_STANDARD = "gnu++14";
				CLANG_CXX_LIBRARY = "libc++";
				CLANG_ENABLE_MODULES = YES;
				CLANG_ENABLE_OBJC_ARC = YES;
				CLANG_ENABLE_OBJC_WEAK = YES;
				CLANG_WARN_BLOCK_CAPTURE_AUTORELEASING = YES;
				CLANG_WARN_BOOL_CONVERSION = YES;
				CLANG_WARN_COMMA = YES;
				CLANG_WARN_CONSTANT_CONVERSION = YES;
				CLANG_WARN_DEPRECATED_OBJC_IMPLEMENTATIONS = YES;
				CLANG_WARN_DIRECT_OBJC_ISA_USAGE = YES_ERROR;
				CLANG_WARN_DOCUMENTATION_COMMENTS = YES;
				CLANG_WARN_EMPTY_BODY = YES;
				CLANG_WARN_ENUM_CONVERSION = YES;
				CLANG_WARN_INFINITE_RECURSION = YES;
				CLANG_WARN_INT_CONVERSION = YES;
				CLANG_WARN_NON_LITERAL_NULL_CONVERSION = YES;
				CLANG_WARN_OBJC_IMPLICIT_RETAIN_SELF = YES;
				CLANG_WARN_OBJC_LITERAL_CONVERSION = YES;
				CLANG_WARN_OBJC_ROOT_CLASS = YES_ERROR;
				CLANG_WARN_RANGE_LOOP_ANALYSIS = YES;
				CLANG_WARN_STRICT_PROTOTYPES = YES;
				CLANG_WARN_SUSPICIOUS_MOVE = YES;
				CLANG_WARN_UNGUARDED_AVAILABILITY = YES_AGGRESSIVE;
				CLANG_WARN_UNREACHABLE_CODE = YES;
				CLANG_WARN__DUPLICATE_METHOD_MATCH = YES;
				CODE_SIGN_IDENTITY = "iPhone Developer";
				COPY_PHASE_STRIP = NO;
				DEBUG_INFORMATION_FORMAT = "dwarf-with-dsym";
				ENABLE_NS_ASSERTIONS = NO;
				ENABLE_STRICT_OBJC_MSGSEND = YES;
				GCC_C_LANGUAGE_STANDARD = gnu11;
				GCC_NO_COMMON_BLOCKS = YES;
				GCC_WARN_64_TO_32_BIT_CONVERSION = YES;
				GCC_WARN_ABOUT_RETURN_TYPE = YES_ERROR;
				GCC_WARN_UNDECLARED_SELECTOR = YES;
				GCC_WARN_UNINITIALIZED_AUTOS = YES_AGGRESSIVE;
				GCC_WARN_UNUSED_FUNCTION = YES;
				GCC_WARN_UNUSED_VARIABLE = YES;
				IPHONEOS_DEPLOYMENT_TARGET = 12.0;
				MTL_ENABLE_DEBUG_INFO = NO;
				MTL_FAST_MATH = YES;
				SDKROOT = iphoneos;
				SWIFT_COMPILATION_MODE = wholemodule;
				SWIFT_OPTIMIZATION_LEVEL = "-O";
				VALIDATE_PRODUCT = YES;
			};
			name = Release;
		};
		AF035582218444CD0084E211 /* Debug */ = {
			isa = XCBuildConfiguration;
			buildSettings = {
				ASSETCATALOG_COMPILER_APPICON_NAME = AppIcon;
				CODE_SIGN_STYLE = Automatic;
				DEVELOPMENT_TEAM = JS8A99VK57;
				INFOPLIST_FILE = LightSaberApp/Info.plist;
				LD_RUNPATH_SEARCH_PATHS = (
					"$(inherited)",
					"@executable_path/Frameworks",
				);
				PRODUCT_BUNDLE_IDENTIFIER = hibiki.LightSaberApp;
				PRODUCT_NAME = "$(TARGET_NAME)";
				SWIFT_VERSION = 4.2;
				TARGETED_DEVICE_FAMILY = "1,2";
			};
			name = Debug;
		};
		AF035583218444CD0084E211 /* Release */ = {
			isa = XCBuildConfiguration;
			buildSettings = {
				ASSETCATALOG_COMPILER_APPICON_NAME = AppIcon;
				CODE_SIGN_STYLE = Automatic;
				DEVELOPMENT_TEAM = JS8A99VK57;
				INFOPLIST_FILE = LightSaberApp/Info.plist;
				LD_RUNPATH_SEARCH_PATHS = (
					"$(inherited)",
					"@executable_path/Frameworks",
				);
				PRODUCT_BUNDLE_IDENTIFIER = hibiki.LightSaberApp;
				PRODUCT_NAME = "$(TARGET_NAME)";
				SWIFT_VERSION = 4.2;
				TARGETED_DEVICE_FAMILY = "1,2";
			};
			name = Release;
		};
/* End XCBuildConfiguration section */

/* Begin XCConfigurationList section */
		AF03556A218444CC0084E211 /* Build configuration list for PBXProject "LightSaberApp" */ = {
			isa = XCConfigurationList;
			buildConfigurations = (
				AF03557F218444CD0084E211 /* Debug */,
				AF035580218444CD0084E211 /* Release */,
			);
			defaultConfigurationIsVisible = 0;
			defaultConfigurationName = Release;
		};
		AF035581218444CD0084E211 /* Build configuration list for PBXNativeTarget "LightSaberApp" */ = {
			isa = XCConfigurationList;
			buildConfigurations = (
				AF035582218444CD0084E211 /* Debug */,
				AF035583218444CD0084E211 /* Release */,
			);
			defaultConfigurationIsVisible = 0;
			defaultConfigurationName = Release;
		};
/* End XCConfigurationList section */
	};
	rootObject = AF035567218444CC0084E211 /* Project object */;
}
