// !$*UTF8*$!
{
	archiveVersion = 1;
	classes = {
	};
	objectVersion = 50;
	objects = {

/* Begin PBXBuildFile section */
		AFFDAEF22185D39F0044BB7C /* AppDelegate.swift in Sources */ = {isa = PBXBuildFile; fileRef = AFFDAEF12185D39F0044BB7C /* AppDelegate.swift */; };
		AFFDAEF72185D39F0044BB7C /* Main.storyboard in Resources */ = {isa = PBXBuildFile; fileRef = AFFDAEF52185D39F0044BB7C /* Main.storyboard */; };
		AFFDAEF92185D3A20044BB7C /* Assets.xcassets in Resources */ = {isa = PBXBuildFile; fileRef = AFFDAEF82185D3A20044BB7C /* Assets.xcassets */; };
		AFFDAEFC2185D3A20044BB7C /* LaunchScreen.storyboard in Resources */ = {isa = PBXBuildFile; fileRef = AFFDAEFA2185D3A20044BB7C /* LaunchScreen.storyboard */; };
		AFFDAF042185DAFF0044BB7C /* CreateViewController.swift in Sources */ = {isa = PBXBuildFile; fileRef = AFFDAF032185DAFF0044BB7C /* CreateViewController.swift */; };
		AFFDAF062185E5220044BB7C /* AnswerViewController.swift in Sources */ = {isa = PBXBuildFile; fileRef = AFFDAF052185E5220044BB7C /* AnswerViewController.swift */; };
/* End PBXBuildFile section */

/* Begin PBXFileReference section */
		AFFDAEEE2185D39F0044BB7C /* MaruBatsuApp2.app */ = {isa = PBXFileReference; explicitFileType = wrapper.application; includeInIndex = 0; path = MaruBatsuApp2.app; sourceTree = BUILT_PRODUCTS_DIR; };
		AFFDAEF12185D39F0044BB7C /* AppDelegate.swift */ = {isa = PBXFileReference; lastKnownFileType = sourcecode.swift; path = AppDelegate.swift; sourceTree = "<group>"; };
		AFFDAEF62185D39F0044BB7C /* Base */ = {isa = PBXFileReference; lastKnownFileType = file.storyboard; name = Base; path = Base.lproj/Main.storyboard; sourceTree = "<group>"; };
		AFFDAEF82185D3A20044BB7C /* Assets.xcassets */ = {isa = PBXFileReference; lastKnownFileType = folder.assetcatalog; path = Assets.xcassets; sourceTree = "<group>"; };
		AFFDAEFB2185D3A20044BB7C /* Base */ = {isa = PBXFileReference; lastKnownFileType = file.storyboard; name = Base; path = Base.lproj/LaunchScreen.storyboard; sourceTree = "<group>"; };
		AFFDAEFD2185D3A20044BB7C /* Info.plist */ = {isa = PBXFileReference; lastKnownFileType = text.plist.xml; path = Info.plist; sourceTree = "<group>"; };
		AFFDAF032185DAFF0044BB7C /* CreateViewController.swift */ = {isa = PBXFileReference; lastKnownFileType = sourcecode.swift; path = CreateViewController.swift; sourceTree = "<group>"; };
		AFFDAF052185E5220044BB7C /* AnswerViewController.swift */ = {isa = PBXFileReference; lastKnownFileType = sourcecode.swift; path = AnswerViewController.swift; sourceTree = "<group>"; };
/* End PBXFileReference section */

/* Begin PBXFrameworksBuildPhase section */
		AFFDAEEB2185D39F0044BB7C /* Frameworks */ = {
			isa = PBXFrameworksBuildPhase;
			buildActionMask = 2147483647;
			files = (
			);
			runOnlyForDeploymentPostprocessing = 0;
		};
/* End PBXFrameworksBuildPhase section */

/* Begin PBXGroup section */
		AFFDAEE52185D39F0044BB7C = {
			isa = PBXGroup;
			children = (
				AFFDAEF02185D39F0044BB7C /* MaruBatsuApp2 */,
				AFFDAEEF2185D39F0044BB7C /* Products */,
			);
			sourceTree = "<group>";
		};
		AFFDAEEF2185D39F0044BB7C /* Products */ = {
			isa = PBXGroup;
			children = (
				AFFDAEEE2185D39F0044BB7C /* MaruBatsuApp2.app */,
			);
			name = Products;
			sourceTree = "<group>";
		};
		AFFDAEF02185D39F0044BB7C /* MaruBatsuApp2 */ = {
			isa = PBXGroup;
			children = (
				AFFDAEF12185D39F0044BB7C /* AppDelegate.swift */,
				AFFDAEF52185D39F0044BB7C /* Main.storyboard */,
				AFFDAF032185DAFF0044BB7C /* CreateViewController.swift */,
				AFFDAF052185E5220044BB7C /* AnswerViewController.swift */,
				AFFDAEF82185D3A20044BB7C /* Assets.xcassets */,
				AFFDAEFA2185D3A20044BB7C /* LaunchScreen.storyboard */,
				AFFDAEFD2185D3A20044BB7C /* Info.plist */,
			);
			path = MaruBatsuApp2;
			sourceTree = "<group>";
		};
/* End PBXGroup section */

/* Begin PBXNativeTarget section */
		AFFDAEED2185D39F0044BB7C /* MaruBatsuApp2 */ = {
			isa = PBXNativeTarget;
			buildConfigurationList = AFFDAF002185D3A20044BB7C /* Build configuration list for PBXNativeTarget "MaruBatsuApp2" */;
			buildPhases = (
				AFFDAEEA2185D39F0044BB7C /* Sources */,
				AFFDAEEB2185D39F0044BB7C /* Frameworks */,
				AFFDAEEC2185D39F0044BB7C /* Resources */,
			);
			buildRules = (
			);
			dependencies = (
			);
			name = MaruBatsuApp2;
			productName = MaruBatsuApp2;
			productReference = AFFDAEEE2185D39F0044BB7C /* MaruBatsuApp2.app */;
			productType = "com.apple.product-type.application";
		};
/* End PBXNativeTarget section */

/* Begin PBXProject section */
		AFFDAEE62185D39F0044BB7C /* Project object */ = {
			isa = PBXProject;
			attributes = {
				LastSwiftUpdateCheck = 1000;
				LastUpgradeCheck = 1000;
				ORGANIZATIONNAME = "工藤 響";
				TargetAttributes = {
					AFFDAEED2185D39F0044BB7C = {
						CreatedOnToolsVersion = 10.0;
					};
				};
			};
			buildConfigurationList = AFFDAEE92185D39F0044BB7C /* Build configuration list for PBXProject "MaruBatsuApp2" */;
			compatibilityVersion = "Xcode 9.3";
			developmentRegion = en;
			hasScannedForEncodings = 0;
			knownRegions = (
				en,
				Base,
			);
			mainGroup = AFFDAEE52185D39F0044BB7C;
			productRefGroup = AFFDAEEF2185D39F0044BB7C /* Products */;
			projectDirPath = "";
			projectRoot = "";
			targets = (
				AFFDAEED2185D39F0044BB7C /* MaruBatsuApp2 */,
			);
		};
/* End PBXProject section */

/* Begin PBXResourcesBuildPhase section */
		AFFDAEEC2185D39F0044BB7C /* Resources */ = {
			isa = PBXResourcesBuildPhase;
			buildActionMask = 2147483647;
			files = (
				AFFDAEFC2185D3A20044BB7C /* LaunchScreen.storyboard in Resources */,
				AFFDAEF92185D3A20044BB7C /* Assets.xcassets in Resources */,
				AFFDAEF72185D39F0044BB7C /* Main.storyboard in Resources */,
			);
			runOnlyForDeploymentPostprocessing = 0;
		};
/* End PBXResourcesBuildPhase section */

/* Begin PBXSourcesBuildPhase section */
		AFFDAEEA2185D39F0044BB7C /* Sources */ = {
			isa = PBXSourcesBuildPhase;
			buildActionMask = 2147483647;
			files = (
				AFFDAF062185E5220044BB7C /* AnswerViewController.swift in Sources */,
				AFFDAEF22185D39F0044BB7C /* AppDelegate.swift in Sources */,
				AFFDAF042185DAFF0044BB7C /* CreateViewController.swift in Sources */,
			);
			runOnlyForDeploymentPostprocessing = 0;
		};
/* End PBXSourcesBuildPhase section */

/* Begin PBXVariantGroup section */
		AFFDAEF52185D39F0044BB7C /* Main.storyboard */ = {
			isa = PBXVariantGroup;
			children = (
				AFFDAEF62185D39F0044BB7C /* Base */,
			);
			name = Main.storyboard;
			sourceTree = "<group>";
		};
		AFFDAEFA2185D3A20044BB7C /* LaunchScreen.storyboard */ = {
			isa = PBXVariantGroup;
			children = (
				AFFDAEFB2185D3A20044BB7C /* Base */,
			);
			name = LaunchScreen.storyboard;
			sourceTree = "<group>";
		};
/* End PBXVariantGroup section */

/* Begin XCBuildConfiguration section */
		AFFDAEFE2185D3A20044BB7C /* Debug */ = {
			isa = XCBuildConfiguration;
			buildSettings = {
				ALWAYS_SEARCH_USER_PATHS = NO;
				CLANG_ANALYZER_NONNULL = YES;
				CLANG_ANALYZER_NUMBER_OBJECT_CONVERSION = YES_AGGRESSIVE;
				CLANG_CXX_LANGUAGE_STANDARD = "gnu++14";
				CLANG_CXX_LIBRARY = "libc++";
				CLANG_ENABLE_MODULES = YES;
				CLANG_ENABLE_OBJC_ARC = YES;
				CLANG_ENABLE_OBJC_WEAK = YES;
				CLANG_WARN_BLOCK_CAPTURE_AUTORELEASING = YES;
				CLANG_WARN_BOOL_CONVERSION = YES;
				CLANG_WARN_COMMA = YES;
				CLANG_WARN_CONSTANT_CONVERSION = YES;
				CLANG_WARN_DEPRECATED_OBJC_IMPLEMENTATIONS = YES;
				CLANG_WARN_DIRECT_OBJC_ISA_USAGE = YES_ERROR;
				CLANG_WARN_DOCUMENTATION_COMMENTS = YES;
				CLANG_WARN_EMPTY_BODY = YES;
				CLANG_WARN_ENUM_CONVERSION = YES;
				CLANG_WARN_INFINITE_RECURSION = YES;
				CLANG_WARN_INT_CONVERSION = YES;
				CLANG_WARN_NON_LITERAL_NULL_CONVERSION = YES;
				CLANG_WARN_OBJC_IMPLICIT_RETAIN_SELF = YES;
				CLANG_WARN_OBJC_LITERAL_CONVERSION = YES;
				CLANG_WARN_OBJC_ROOT_CLASS = YES_ERROR;
				CLANG_WARN_RANGE_LOOP_ANALYSIS = YES;
				CLANG_WARN_STRICT_PROTOTYPES = YES;
				CLANG_WARN_SUSPICIOUS_MOVE = YES;
				CLANG_WARN_UNGUARDED_AVAILABILITY = YES_AGGRESSIVE;
				CLANG_WARN_UNREACHABLE_CODE = YES;
				CLANG_WARN__DUPLICATE_METHOD_MATCH = YES;
				CODE_SIGN_IDENTITY = "iPhone Developer";
				COPY_PHASE_STRIP = NO;
				DEBUG_INFORMATION_FORMAT = dwarf;
				ENABLE_STRICT_OBJC_MSGSEND = YES;
				ENABLE_TESTABILITY = YES;
				GCC_C_LANGUAGE_STANDARD = gnu11;
				GCC_DYNAMIC_NO_PIC = NO;
				GCC_NO_COMMON_BLOCKS = YES;
				GCC_OPTIMIZATION_LEVEL = 0;
				GCC_PREPROCESSOR_DEFINITIONS = (
					"DEBUG=1",
					"$(inherited)",
				);
				GCC_WARN_64_TO_32_BIT_CONVERSION = YES;
				GCC_WARN_ABOUT_RETURN_TYPE = YES_ERROR;
				GCC_WARN_UNDECLARED_SELECTOR = YES;
				GCC_WARN_UNINITIALIZED_AUTOS = YES_AGGRESSIVE;
				GCC_WARN_UNUSED_FUNCTION = YES;
				GCC_WARN_UNUSED_VARIABLE = YES;
				IPHONEOS_DEPLOYMENT_TARGET = 12.0;
				MTL_ENABLE_DEBUG_INFO = INCLUDE_SOURCE;
				MTL_FAST_MATH = YES;
				ONLY_ACTIVE_ARCH = YES;
				SDKROOT = iphoneos;
				SWIFT_ACTIVE_COMPILATION_CONDITIONS = DEBUG;
				SWIFT_OPTIMIZATION_LEVEL = "-Onone";
			};
			name = Debug;
		};
		AFFDAEFF2185D3A20044BB7C /* Release */ = {
			isa = XCBuildConfiguration;
			buildSettings = {
				ALWAYS_SEARCH_USER_PATHS = NO;
				CLANG_ANALYZER_NONNULL = YES;
				CLANG_ANALYZER_NUMBER_OBJECT_CONVERSION = YES_AGGRESSIVE;
				CLANG_CXX_LANGUAGE_STANDARD = "gnu++14";
				CLANG_CXX_LIBRARY = "libc++";
				CLANG_ENABLE_MODULES = YES;
				CLANG_ENABLE_OBJC_ARC = YES;
				CLANG_ENABLE_OBJC_WEAK = YES;
				CLANG_WARN_BLOCK_CAPTURE_AUTORELEASING = YES;
				CLANG_WARN_BOOL_CONVERSION = YES;
				CLANG_WARN_COMMA = YES;
				CLANG_WARN_CONSTANT_CONVERSION = YES;
				CLANG_WARN_DEPRECATED_OBJC_IMPLEMENTATIONS = YES;
				CLANG_WARN_DIRECT_OBJC_ISA_USAGE = YES_ERROR;
				CLANG_WARN_DOCUMENTATION_COMMENTS = YES;
				CLANG_WARN_EMPTY_BODY = YES;
				CLANG_WARN_ENUM_CONVERSION = YES;
				CLANG_WARN_INFINITE_RECURSION = YES;
				CLANG_WARN_INT_CONVERSION = YES;
				CLANG_WARN_NON_LITERAL_NULL_CONVERSION = YES;
				CLANG_WARN_OBJC_IMPLICIT_RETAIN_SELF = YES;
				CLANG_WARN_OBJC_LITERAL_CONVERSION = YES;
				CLANG_WARN_OBJC_ROOT_CLASS = YES_ERROR;
				CLANG_WARN_RANGE_LOOP_ANALYSIS = YES;
				CLANG_WARN_STRICT_PROTOTYPES = YES;
				CLANG_WARN_SUSPICIOUS_MOVE = YES;
				CLANG_WARN_UNGUARDED_AVAILABILITY = YES_AGGRESSIVE;
				CLANG_WARN_UNREACHABLE_CODE = YES;
				CLANG_WARN__DUPLICATE_METHOD_MATCH = YES;
				CODE_SIGN_IDENTITY = "iPhone Developer";
				COPY_PHASE_STRIP = NO;
				DEBUG_INFORMATION_FORMAT = "dwarf-with-dsym";
				ENABLE_NS_ASSERTIONS = NO;
				ENABLE_STRICT_OBJC_MSGSEND = YES;
				GCC_C_LANGUAGE_STANDARD = gnu11;
				GCC_NO_COMMON_BLOCKS = YES;
				GCC_WARN_64_TO_32_BIT_CONVERSION = YES;
				GCC_WARN_ABOUT_RETURN_TYPE = YES_ERROR;
				GCC_WARN_UNDECLARED_SELECTOR = YES;
				GCC_WARN_UNINITIALIZED_AUTOS = YES_AGGRESSIVE;
				GCC_WARN_UNUSED_FUNCTION = YES;
				GCC_WARN_UNUSED_VARIABLE = YES;
				IPHONEOS_DEPLOYMENT_TARGET = 12.0;
				MTL_ENABLE_DEBUG_INFO = NO;
				MTL_FAST_MATH = YES;
				SDKROOT = iphoneos;
				SWIFT_COMPILATION_MODE = wholemodule;
				SWIFT_OPTIMIZATION_LEVEL = "-O";
				VALIDATE_PRODUCT = YES;
			};
			name = Release;
		};
		AFFDAF012185D3A20044BB7C /* Debug */ = {
			isa = XCBuildConfiguration;
			buildSettings = {
				ASSETCATALOG_COMPILER_APPICON_NAME = AppIcon;
				CODE_SIGN_STYLE = Automatic;
				DEVELOPMENT_TEAM = JS8A99VK57;
				INFOPLIST_FILE = MaruBatsuApp2/Info.plist;
				LD_RUNPATH_SEARCH_PATHS = (
					"$(inherited)",
					"@executable_path/Frameworks",
				);
				PRODUCT_BUNDLE_IDENTIFIER = hibiki.MaruBatsuApp2;
				PRODUCT_NAME = "$(TARGET_NAME)";
				SWIFT_VERSION = 4.2;
				TARGETED_DEVICE_FAMILY = "1,2";
			};
			name = Debug;
		};
		AFFDAF022185D3A20044BB7C /* Release */ = {
			isa = XCBuildConfiguration;
			buildSettings = {
				ASSETCATALOG_COMPILER_APPICON_NAME = AppIcon;
				CODE_SIGN_STYLE = Automatic;
				DEVELOPMENT_TEAM = JS8A99VK57;
				INFOPLIST_FILE = MaruBatsuApp2/Info.plist;
				LD_RUNPATH_SEARCH_PATHS = (
					"$(inherited)",
					"@executable_path/Frameworks",
				);
				PRODUCT_BUNDLE_IDENTIFIER = hibiki.MaruBatsuApp2;
				PRODUCT_NAME = "$(TARGET_NAME)";
				SWIFT_VERSION = 4.2;
				TARGETED_DEVICE_FAMILY = "1,2";
			};
			name = Release;
		};
/* End XCBuildConfiguration section */

/* Begin XCConfigurationList section */
		AFFDAEE92185D39F0044BB7C /* Build configuration list for PBXProject "MaruBatsuApp2" */ = {
			isa = XCConfigurationList;
			buildConfigurations = (
				AFFDAEFE2185D3A20044BB7C /* Debug */,
				AFFDAEFF2185D3A20044BB7C /* Release */,
			);
			defaultConfigurationIsVisible = 0;
			defaultConfigurationName = Release;
		};
		AFFDAF002185D3A20044BB7C /* Build configuration list for PBXNativeTarget "MaruBatsuApp2" */ = {
			isa = XCConfigurationList;
			buildConfigurations = (
				AFFDAF012185D3A20044BB7C /* Debug */,
				AFFDAF022185D3A20044BB7C /* Release */,
			);
			defaultConfigurationIsVisible = 0;
			defaultConfigurationName = Release;
		};
/* End XCConfigurationList section */
	};
	rootObject = AFFDAEE62185D39F0044BB7C /* Project object */;
}
